
Microsoft Visual Studio Solution File, Format Version 12.00
# Visual Studio Version 17
VisualStudioVersion = 17.14.36705.20
MinimumVisualStudioVersion = 10.0.40219.1
Project("{FAE04EC0-301F-11D3-BF4B-00C04F79EFBC}") = "FinalAssignemnt_APDP", "FinalAssignemnt_APDP.csproj", "{2193574D-3FE8-4F8F-BBED-2FB7C87E8291}"
EndProject
Project("{FAE04EC0-301F-11D3-BF4B-00C04F79EFBC}") = "SIMSTest", "..\SIMSTest\SIMSTest.csproj", "{DC756DA9-71E8-4088-B39F-FBDCF5D23064}"
EndProject
Global
	GlobalSection(SolutionConfigurationPlatforms) = preSolution
		Debug|Any CPU = Debug|Any CPU
		Release|Any CPU = Release|Any CPU
	EndGlobalSection
	GlobalSection(ProjectConfigurationPlatforms) = postSolution
		{2193574D-3FE8-4F8F-BBED-2FB7C87E8291}.Debug|Any CPU.ActiveCfg = Debug|Any CPU
		{2193574D-3FE8-4F8F-BBED-2FB7C87E8291}.Debug|Any CPU.Build.0 = Debug|Any CPU
		{2193574D-3FE8-4F8F-BBED-2FB7C87E8291}.Release|Any CPU.ActiveCfg = Release|Any CPU
		{2193574D-3FE8-4F8F-BBED-2FB7C87E8291}.Release|Any CPU.Build.0 = Release|Any CPU
		{DC756DA9-71E8-4088-B39F-FBDCF5D23064}.Debug|Any CPU.ActiveCfg = Debug|Any CPU
		{DC756DA9-71E8-4088-B39F-FBDCF5D23064}.Debug|Any CPU.Build.0 = Debug|Any CPU
		{DC756DA9-71E8-4088-B39F-FBDCF5D23064}.Release|Any CPU.ActiveCfg = Release|Any CPU
		{DC756DA9-71E8-4088-B39F-FBDCF5D23064}.Release|Any CPU.Build.0 = Release|Any CPU
	EndGlobalSection
	GlobalSection(SolutionProperties) = preSolution
		HideSolutionNode = FALSE
	EndGlobalSection
	GlobalSection(ExtensibilityGlobals) = postSolution
		SolutionGuid = {7F5A9175-D46F-48BD-96C4-F3A76C75A9E9}
	EndGlobalSection
EndGlobal
